
Microsoft Visual Studio Solution File, Format Version 12.00
# Visual Studio Version 17
VisualStudioVersion = 17.8.34330.188
MinimumVisualStudioVersion = 10.0.40219.1
Project("{FAE04EC0-301F-11D3-BF4B-00C04F79EFBC}") = "flowerShop", "flowerShop\flowerShop.csproj", "{6EDBDE01-9735-46C4-BE7B-04A4AD593AB5}"
EndProject
Global
	GlobalSection(SolutionConfigurationPlatforms) = preSolution
		Debug|Any CPU = Debug|Any CPU
		Release|Any CPU = Release|Any CPU
	EndGlobalSection
	GlobalSection(ProjectConfigurationPlatforms) = postSolution
		{6EDBDE01-9735-46C4-BE7B-04A4AD593AB5}.Debug|Any CPU.ActiveCfg = Debug|Any CPU
		{6EDBDE01-9735-46C4-BE7B-04A4AD593AB5}.Debug|Any CPU.Build.0 = Debug|Any CPU
		{6EDBDE01-9735-46C4-BE7B-04A4AD593AB5}.Release|Any CPU.ActiveCfg = Release|Any CPU
		{6EDBDE01-9735-46C4-BE7B-04A4AD593AB5}.Release|Any CPU.Build.0 = Release|Any CPU
	EndGlobalSection
	GlobalSection(SolutionProperties) = preSolution
		HideSolutionNode = FALSE
	EndGlobalSection
	GlobalSection(ExtensibilityGlobals) = postSolution
		SolutionGuid = {DDE6A443-C169-480E-87F2-913CA522C6E6}
	EndGlobalSection
EndGlobal
